{
  "version": 4,
  "terraform_version": "1.6.4",
  "serial": 46,
  "lineage": "0cc8e203-5262-bd18-8aa3-d5705f44ec24",
  "outputs": {},
  "resources": [
    {
      "mode": "managed",
      "type": "local_file",
      "name": "my_pet",
      "provider": "provider[\"registry.terraform.io/hashicorp/local\"]",
      "instances": [
        {
          "schema_version": 0,
          "attributes": {
            "content": "i love HTML",
            "content_base64": null,
            "content_base64sha256": "dK/b5ZcSTqnyJIsbpqh4osJWvmrcgSG/Q8RpzdEY03Y=",
            "content_base64sha512": "xtlNGihCkhZK6hRWZMud6dTH8tr3e7dObuMSNOapyDEKGMcfXKrpF6i+xCfaLN7792mmuWK6JiFcoB+tail6PA==",
            "content_md5": "0e0b2aa8e4b18cf3722daa7134880a71",
            "content_sha1": "d5e70e930b22a0bfcdba796d45f808e036ab5a84",
            "content_sha256": "74afdbe597124ea9f2248b1ba6a878a2c256be6adc8121bf43c469cdd118d376",
            "content_sha512": "c6d94d1a284292164aea145664cb9de9d4c7f2daf77bb74e6ee31234e6a9c8310a18c71f5caae917a8bec427da2cdefbf769a6b962ba26215ca01fad6a297a3c",
            "directory_permission": "0777",
            "file_permission": "0777",
            "filename": "pets.txt",
            "id": "d5e70e930b22a0bfcdba796d45f808e036ab5a84",
            "sensitive_content": null,
            "source": null
          },
          "sensitive_attributes": []
        }
      ]
    },
    {
      "mode": "managed",
      "type": "random_pet",
      "name": "petname",
      "provider": "provider[\"registry.terraform.io/hashicorp/random\"]",
      "instances": [
        {
          "schema_version": 0,
          "attributes": {
            "id": "me.walrus",
            "keepers": null,
            "length": 1,
            "prefix": "me",
            "separator": "."
          },
          "sensitive_attributes": []
        }
      ]
    }
  ],
  "check_results": null
}
